// !$*UTF8*$!
{
	archiveVersion = 1;
	classes = {
	};
	objectVersion = 56;
	objects = {

/* Begin PBXBuildFile section */
		3613CA3D2C4AD4BB0032526B /* ToDo_CoreDataApp.swift in Sources */ = {isa = PBXBuildFile; fileRef = 3613CA3C2C4AD4BB0032526B /* ToDo_CoreDataApp.swift */; };
		3613CA3F2C4AD4BB0032526B /* ContentView.swift in Sources */ = {isa = PBXBuildFile; fileRef = 3613CA3E2C4AD4BB0032526B /* ContentView.swift */; };
		3613CA412C4AD4BD0032526B /* Assets.xcassets in Resources */ = {isa = PBXBuildFile; fileRef = 3613CA402C4AD4BD0032526B /* Assets.xcassets */; };
		3613CA442C4AD4BD0032526B /* Preview Assets.xcassets in Resources */ = {isa = PBXBuildFile; fileRef = 3613CA432C4AD4BD0032526B /* Preview Assets.xcassets */; };
		3613CA4C2C4AD5700032526B /* ToDo.xcdatamodeld in Sources */ = {isa = PBXBuildFile; fileRef = 3613CA4A2C4AD5700032526B /* ToDo.xcdatamodeld */; };
		3613CA4E2C4D5DAB0032526B /* DataController.swift in Sources */ = {isa = PBXBuildFile; fileRef = 3613CA4D2C4D5DAB0032526B /* DataController.swift */; };
		3613CA502C4D5E640032526B /* ToDoListingView.swift in Sources */ = {isa = PBXBuildFile; fileRef = 3613CA4F2C4D5E640032526B /* ToDoListingView.swift */; };
		3613CA522C4D5F4F0032526B /* EditToDoView.swift in Sources */ = {isa = PBXBuildFile; fileRef = 3613CA512C4D5F4F0032526B /* EditToDoView.swift */; };
		3613CA542C4DAD270032526B /* PersistenceController.swift in Sources */ = {isa = PBXBuildFile; fileRef = 3613CA532C4DAD270032526B /* PersistenceController.swift */; };
		3613CA5B2C4E7F420032526B /* ToDo+CoreDataClass.swift in Sources */ = {isa = PBXBuildFile; fileRef = 3613CA592C4E7F420032526B /* ToDo+CoreDataClass.swift */; };
		3613CA5C2C4E7F420032526B /* ToDo+CoreDataProperties.swift in Sources */ = {isa = PBXBuildFile; fileRef = 3613CA5A2C4E7F420032526B /* ToDo+CoreDataProperties.swift */; };
		3613CA5F2C4E8CF40032526B /* Comment+CoreDataClass.swift in Sources */ = {isa = PBXBuildFile; fileRef = 3613CA5D2C4E8CF40032526B /* Comment+CoreDataClass.swift */; };
		3613CA602C4E8CF40032526B /* Comment+CoreDataProperties.swift in Sources */ = {isa = PBXBuildFile; fileRef = 3613CA5E2C4E8CF40032526B /* Comment+CoreDataProperties.swift */; };
/* End PBXBuildFile section */

/* Begin PBXFileReference section */
		3613CA392C4AD4BB0032526B /* ToDo_CoreData.app */ = {isa = PBXFileReference; explicitFileType = wrapper.application; includeInIndex = 0; path = ToDo_CoreData.app; sourceTree = BUILT_PRODUCTS_DIR; };
		3613CA3C2C4AD4BB0032526B /* ToDo_CoreDataApp.swift */ = {isa = PBXFileReference; lastKnownFileType = sourcecode.swift; path = ToDo_CoreDataApp.swift; sourceTree = "<group>"; };
		3613CA3E2C4AD4BB0032526B /* ContentView.swift */ = {isa = PBXFileReference; lastKnownFileType = sourcecode.swift; path = ContentView.swift; sourceTree = "<group>"; };
		3613CA402C4AD4BD0032526B /* Assets.xcassets */ = {isa = PBXFileReference; lastKnownFileType = folder.assetcatalog; path = Assets.xcassets; sourceTree = "<group>"; };
		3613CA432C4AD4BD0032526B /* Preview Assets.xcassets */ = {isa = PBXFileReference; lastKnownFileType = folder.assetcatalog; path = "Preview Assets.xcassets"; sourceTree = "<group>"; };
		3613CA4B2C4AD5700032526B /* ToDo.xcdatamodel */ = {isa = PBXFileReference; lastKnownFileType = wrapper.xcdatamodel; path = ToDo.xcdatamodel; sourceTree = "<group>"; };
		3613CA4D2C4D5DAB0032526B /* DataController.swift */ = {isa = PBXFileReference; lastKnownFileType = sourcecode.swift; path = DataController.swift; sourceTree = "<group>"; };
		3613CA4F2C4D5E640032526B /* ToDoListingView.swift */ = {isa = PBXFileReference; lastKnownFileType = sourcecode.swift; path = ToDoListingView.swift; sourceTree = "<group>"; };
		3613CA512C4D5F4F0032526B /* EditToDoView.swift */ = {isa = PBXFileReference; lastKnownFileType = sourcecode.swift; path = EditToDoView.swift; sourceTree = "<group>"; };
		3613CA532C4DAD270032526B /* PersistenceController.swift */ = {isa = PBXFileReference; lastKnownFileType = sourcecode.swift; path = PersistenceController.swift; sourceTree = "<group>"; };
		3613CA592C4E7F420032526B /* ToDo+CoreDataClass.swift */ = {isa = PBXFileReference; lastKnownFileType = sourcecode.swift; path = "ToDo+CoreDataClass.swift"; sourceTree = SOURCE_ROOT; };
		3613CA5A2C4E7F420032526B /* ToDo+CoreDataProperties.swift */ = {isa = PBXFileReference; lastKnownFileType = sourcecode.swift; path = "ToDo+CoreDataProperties.swift"; sourceTree = SOURCE_ROOT; };
		3613CA5D2C4E8CF40032526B /* Comment+CoreDataClass.swift */ = {isa = PBXFileReference; lastKnownFileType = sourcecode.swift; path = "Comment+CoreDataClass.swift"; sourceTree = SOURCE_ROOT; };
		3613CA5E2C4E8CF40032526B /* Comment+CoreDataProperties.swift */ = {isa = PBXFileReference; lastKnownFileType = sourcecode.swift; path = "Comment+CoreDataProperties.swift"; sourceTree = SOURCE_ROOT; };
/* End PBXFileReference section */

/* Begin PBXFrameworksBuildPhase section */
		3613CA362C4AD4BB0032526B /* Frameworks */ = {
			isa = PBXFrameworksBuildPhase;
			buildActionMask = 2147483647;
			files = (
			);
			runOnlyForDeploymentPostprocessing = 0;
		};
/* End PBXFrameworksBuildPhase section */

/* Begin PBXGroup section */
		3613CA302C4AD4BB0032526B = {
			isa = PBXGroup;
			children = (
				3613CA3B2C4AD4BB0032526B /* ToDo_CoreData */,
				3613CA3A2C4AD4BB0032526B /* Products */,
			);
			sourceTree = "<group>";
		};
		3613CA3A2C4AD4BB0032526B /* Products */ = {
			isa = PBXGroup;
			children = (
				3613CA392C4AD4BB0032526B /* ToDo_CoreData.app */,
			);
			name = Products;
			sourceTree = "<group>";
		};
		3613CA3B2C4AD4BB0032526B /* ToDo_CoreData */ = {
			isa = PBXGroup;
			children = (
				3613CA5D2C4E8CF40032526B /* Comment+CoreDataClass.swift */,
				3613CA5E2C4E8CF40032526B /* Comment+CoreDataProperties.swift */,
				3613CA592C4E7F420032526B /* ToDo+CoreDataClass.swift */,
				3613CA5A2C4E7F420032526B /* ToDo+CoreDataProperties.swift */,
				3613CA3C2C4AD4BB0032526B /* ToDo_CoreDataApp.swift */,
				3613CA3E2C4AD4BB0032526B /* ContentView.swift */,
				3613CA4F2C4D5E640032526B /* ToDoListingView.swift */,
				3613CA512C4D5F4F0032526B /* EditToDoView.swift */,
				3613CA4D2C4D5DAB0032526B /* DataController.swift */,
				3613CA532C4DAD270032526B /* PersistenceController.swift */,
				3613CA4A2C4AD5700032526B /* ToDo.xcdatamodeld */,
				3613CA402C4AD4BD0032526B /* Assets.xcassets */,
				3613CA422C4AD4BD0032526B /* Preview Content */,
			);
			path = ToDo_CoreData;
			sourceTree = "<group>";
		};
		3613CA422C4AD4BD0032526B /* Preview Content */ = {
			isa = PBXGroup;
			children = (
				3613CA432C4AD4BD0032526B /* Preview Assets.xcassets */,
			);
			path = "Preview Content";
			sourceTree = "<group>";
		};
/* End PBXGroup section */

/* Begin PBXNativeTarget section */
		3613CA382C4AD4BB0032526B /* ToDo_CoreData */ = {
			isa = PBXNativeTarget;
			buildConfigurationList = 3613CA472C4AD4BD0032526B /* Build configuration list for PBXNativeTarget "ToDo_CoreData" */;
			buildPhases = (
				3613CA352C4AD4BB0032526B /* Sources */,
				3613CA362C4AD4BB0032526B /* Frameworks */,
				3613CA372C4AD4BB0032526B /* Resources */,
			);
			buildRules = (
			);
			dependencies = (
			);
			name = ToDo_CoreData;
			productName = ToDo_CoreData;
			productReference = 3613CA392C4AD4BB0032526B /* ToDo_CoreData.app */;
			productType = "com.apple.product-type.application";
		};
/* End PBXNativeTarget section */

/* Begin PBXProject section */
		3613CA312C4AD4BB0032526B /* Project object */ = {
			isa = PBXProject;
			attributes = {
				BuildIndependentTargetsInParallel = 1;
				LastSwiftUpdateCheck = 1540;
				LastUpgradeCheck = 1540;
				TargetAttributes = {
					3613CA382C4AD4BB0032526B = {
						CreatedOnToolsVersion = 15.4;
					};
				};
			};
			buildConfigurationList = 3613CA342C4AD4BB0032526B /* Build configuration list for PBXProject "ToDo_CoreData" */;
			compatibilityVersion = "Xcode 14.0";
			developmentRegion = en;
			hasScannedForEncodings = 0;
			knownRegions = (
				en,
				Base,
			);
			mainGroup = 3613CA302C4AD4BB0032526B;
			productRefGroup = 3613CA3A2C4AD4BB0032526B /* Products */;
			projectDirPath = "";
			projectRoot = "";
			targets = (
				3613CA382C4AD4BB0032526B /* ToDo_CoreData */,
			);
		};
/* End PBXProject section */

/* Begin PBXResourcesBuildPhase section */
		3613CA372C4AD4BB0032526B /* Resources */ = {
			isa = PBXResourcesBuildPhase;
			buildActionMask = 2147483647;
			files = (
				3613CA442C4AD4BD0032526B /* Preview Assets.xcassets in Resources */,
				3613CA412C4AD4BD0032526B /* Assets.xcassets in Resources */,
			);
			runOnlyForDeploymentPostprocessing = 0;
		};
/* End PBXResourcesBuildPhase section */

/* Begin PBXSourcesBuildPhase section */
		3613CA352C4AD4BB0032526B /* Sources */ = {
			isa = PBXSourcesBuildPhase;
			buildActionMask = 2147483647;
			files = (
				3613CA3F2C4AD4BB0032526B /* ContentView.swift in Sources */,
				3613CA542C4DAD270032526B /* PersistenceController.swift in Sources */,
				3613CA4E2C4D5DAB0032526B /* DataController.swift in Sources */,
				3613CA502C4D5E640032526B /* ToDoListingView.swift in Sources */,
				3613CA4C2C4AD5700032526B /* ToDo.xcdatamodeld in Sources */,
				3613CA522C4D5F4F0032526B /* EditToDoView.swift in Sources */,
				3613CA5B2C4E7F420032526B /* ToDo+CoreDataClass.swift in Sources */,
				3613CA5C2C4E7F420032526B /* ToDo+CoreDataProperties.swift in Sources */,
				3613CA3D2C4AD4BB0032526B /* ToDo_CoreDataApp.swift in Sources */,
				3613CA5F2C4E8CF40032526B /* Comment+CoreDataClass.swift in Sources */,
				3613CA602C4E8CF40032526B /* Comment+CoreDataProperties.swift in Sources */,
			);
			runOnlyForDeploymentPostprocessing = 0;
		};
/* End PBXSourcesBuildPhase section */

/* Begin XCBuildConfiguration section */
		3613CA452C4AD4BD0032526B /* Debug */ = {
			isa = XCBuildConfiguration;
			buildSettings = {
				ALWAYS_SEARCH_USER_PATHS = NO;
				ASSETCATALOG_COMPILER_GENERATE_SWIFT_ASSET_SYMBOL_EXTENSIONS = YES;
				CLANG_ANALYZER_NONNULL = YES;
				CLANG_ANALYZER_NUMBER_OBJECT_CONVERSION = YES_AGGRESSIVE;
				CLANG_CXX_LANGUAGE_STANDARD = "gnu++20";
				CLANG_ENABLE_MODULES = YES;
				CLANG_ENABLE_OBJC_ARC = YES;
				CLANG_ENABLE_OBJC_WEAK = YES;
				CLANG_WARN_BLOCK_CAPTURE_AUTORELEASING = YES;
				CLANG_WARN_BOOL_CONVERSION = YES;
				CLANG_WARN_COMMA = YES;
				CLANG_WARN_CONSTANT_CONVERSION = YES;
				CLANG_WARN_DEPRECATED_OBJC_IMPLEMENTATIONS = YES;
				CLANG_WARN_DIRECT_OBJC_ISA_USAGE = YES_ERROR;
				CLANG_WARN_DOCUMENTATION_COMMENTS = YES;
				CLANG_WARN_EMPTY_BODY = YES;
				CLANG_WARN_ENUM_CONVERSION = YES;
				CLANG_WARN_INFINITE_RECURSION = YES;
				CLANG_WARN_INT_CONVERSION = YES;
				CLANG_WARN_NON_LITERAL_NULL_CONVERSION = YES;
				CLANG_WARN_OBJC_IMPLICIT_RETAIN_SELF = YES;
				CLANG_WARN_OBJC_LITERAL_CONVERSION = YES;
				CLANG_WARN_OBJC_ROOT_CLASS = YES_ERROR;
				CLANG_WARN_QUOTED_INCLUDE_IN_FRAMEWORK_HEADER = YES;
				CLANG_WARN_RANGE_LOOP_ANALYSIS = YES;
				CLANG_WARN_STRICT_PROTOTYPES = YES;
				CLANG_WARN_SUSPICIOUS_MOVE = YES;
				CLANG_WARN_UNGUARDED_AVAILABILITY = YES_AGGRESSIVE;
				CLANG_WARN_UNREACHABLE_CODE = YES;
				CLANG_WARN__DUPLICATE_METHOD_MATCH = YES;
				COPY_PHASE_STRIP = NO;
				DEBUG_INFORMATION_FORMAT = dwarf;
				ENABLE_STRICT_OBJC_MSGSEND = YES;
				ENABLE_TESTABILITY = YES;
				ENABLE_USER_SCRIPT_SANDBOXING = YES;
				GCC_C_LANGUAGE_STANDARD = gnu17;
				GCC_DYNAMIC_NO_PIC = NO;
				GCC_NO_COMMON_BLOCKS = YES;
				GCC_OPTIMIZATION_LEVEL = 0;
				GCC_PREPROCESSOR_DEFINITIONS = (
					"DEBUG=1",
					"$(inherited)",
				);
				GCC_WARN_64_TO_32_BIT_CONVERSION = YES;
				GCC_WARN_ABOUT_RETURN_TYPE = YES_ERROR;
				GCC_WARN_UNDECLARED_SELECTOR = YES;
				GCC_WARN_UNINITIALIZED_AUTOS = YES_AGGRESSIVE;
				GCC_WARN_UNUSED_FUNCTION = YES;
				GCC_WARN_UNUSED_VARIABLE = YES;
				IPHONEOS_DEPLOYMENT_TARGET = 17.5;
				LOCALIZATION_PREFERS_STRING_CATALOGS = YES;
				MTL_ENABLE_DEBUG_INFO = INCLUDE_SOURCE;
				MTL_FAST_MATH = YES;
				ONLY_ACTIVE_ARCH = YES;
				SDKROOT = iphoneos;
				SWIFT_ACTIVE_COMPILATION_CONDITIONS = "DEBUG $(inherited)";
				SWIFT_OPTIMIZATION_LEVEL = "-Onone";
			};
			name = Debug;
		};
		3613CA462C4AD4BD0032526B /* Release */ = {
			isa = XCBuildConfiguration;
			buildSettings = {
				ALWAYS_SEARCH_USER_PATHS = NO;
				ASSETCATALOG_COMPILER_GENERATE_SWIFT_ASSET_SYMBOL_EXTENSIONS = YES;
				CLANG_ANALYZER_NONNULL = YES;
				CLANG_ANALYZER_NUMBER_OBJECT_CONVERSION = YES_AGGRESSIVE;
				CLANG_CXX_LANGUAGE_STANDARD = "gnu++20";
				CLANG_ENABLE_MODULES = YES;
				CLANG_ENABLE_OBJC_ARC = YES;
				CLANG_ENABLE_OBJC_WEAK = YES;
				CLANG_WARN_BLOCK_CAPTURE_AUTORELEASING = YES;
				CLANG_WARN_BOOL_CONVERSION = YES;
				CLANG_WARN_COMMA = YES;
				CLANG_WARN_CONSTANT_CONVERSION = YES;
				CLANG_WARN_DEPRECATED_OBJC_IMPLEMENTATIONS = YES;
				CLANG_WARN_DIRECT_OBJC_ISA_USAGE = YES_ERROR;
				CLANG_WARN_DOCUMENTATION_COMMENTS = YES;
				CLANG_WARN_EMPTY_BODY = YES;
				CLANG_WARN_ENUM_CONVERSION = YES;
				CLANG_WARN_INFINITE_RECURSION = YES;
				CLANG_WARN_INT_CONVERSION = YES;
				CLANG_WARN_NON_LITERAL_NULL_CONVERSION = YES;
				CLANG_WARN_OBJC_IMPLICIT_RETAIN_SELF = YES;
				CLANG_WARN_OBJC_LITERAL_CONVERSION = YES;
				CLANG_WARN_OBJC_ROOT_CLASS = YES_ERROR;
				CLANG_WARN_QUOTED_INCLUDE_IN_FRAMEWORK_HEADER = YES;
				CLANG_WARN_RANGE_LOOP_ANALYSIS = YES;
				CLANG_WARN_STRICT_PROTOTYPES = YES;
				CLANG_WARN_SUSPICIOUS_MOVE = YES;
				CLANG_WARN_UNGUARDED_AVAILABILITY = YES_AGGRESSIVE;
				CLANG_WARN_UNREACHABLE_CODE = YES;
				CLANG_WARN__DUPLICATE_METHOD_MATCH = YES;
				COPY_PHASE_STRIP = NO;
				DEBUG_INFORMATION_FORMAT = "dwarf-with-dsym";
				ENABLE_NS_ASSERTIONS = NO;
				ENABLE_STRICT_OBJC_MSGSEND = YES;
				ENABLE_USER_SCRIPT_SANDBOXING = YES;
				GCC_C_LANGUAGE_STANDARD = gnu17;
				GCC_NO_COMMON_BLOCKS = YES;
				GCC_WARN_64_TO_32_BIT_CONVERSION = YES;
				GCC_WARN_ABOUT_RETURN_TYPE = YES_ERROR;
				GCC_WARN_UNDECLARED_SELECTOR = YES;
				GCC_WARN_UNINITIALIZED_AUTOS = YES_AGGRESSIVE;
				GCC_WARN_UNUSED_FUNCTION = YES;
				GCC_WARN_UNUSED_VARIABLE = YES;
				IPHONEOS_DEPLOYMENT_TARGET = 17.5;
				LOCALIZATION_PREFERS_STRING_CATALOGS = YES;
				MTL_ENABLE_DEBUG_INFO = NO;
				MTL_FAST_MATH = YES;
				SDKROOT = iphoneos;
				SWIFT_COMPILATION_MODE = wholemodule;
				VALIDATE_PRODUCT = YES;
			};
			name = Release;
		};
		3613CA482C4AD4BD0032526B /* Debug */ = {
			isa = XCBuildConfiguration;
			buildSettings = {
				ASSETCATALOG_COMPILER_APPICON_NAME = AppIcon;
				ASSETCATALOG_COMPILER_GLOBAL_ACCENT_COLOR_NAME = AccentColor;
				CODE_SIGN_STYLE = Automatic;
				CURRENT_PROJECT_VERSION = 1;
				DEVELOPMENT_ASSET_PATHS = "\"ToDo_CoreData/Preview Content\"";
				DEVELOPMENT_TEAM = WQ5UWLAR52;
				ENABLE_PREVIEWS = YES;
				GENERATE_INFOPLIST_FILE = YES;
				INFOPLIST_KEY_UIApplicationSceneManifest_Generation = YES;
				INFOPLIST_KEY_UIApplicationSupportsIndirectInputEvents = YES;
				INFOPLIST_KEY_UILaunchScreen_Generation = YES;
				INFOPLIST_KEY_UISupportedInterfaceOrientations_iPad = "UIInterfaceOrientationPortrait UIInterfaceOrientationPortraitUpsideDown UIInterfaceOrientationLandscapeLeft UIInterfaceOrientationLandscapeRight";
				INFOPLIST_KEY_UISupportedInterfaceOrientations_iPhone = "UIInterfaceOrientationPortrait UIInterfaceOrientationLandscapeLeft UIInterfaceOrientationLandscapeRight";
				LD_RUNPATH_SEARCH_PATHS = (
					"$(inherited)",
					"@executable_path/Frameworks",
				);
				MARKETING_VERSION = 1.0;
				PRODUCT_BUNDLE_IDENTIFIER = "com.ars.ToDo-SwiftData";
				PRODUCT_NAME = "$(TARGET_NAME)";
				SWIFT_EMIT_LOC_STRINGS = YES;
				SWIFT_VERSION = 5.0;
				TARGETED_DEVICE_FAMILY = "1,2";
			};
			name = Debug;
		};
		3613CA492C4AD4BD0032526B /* Release */ = {
			isa = XCBuildConfiguration;
			buildSettings = {
				ASSETCATALOG_COMPILER_APPICON_NAME = AppIcon;
				ASSETCATALOG_COMPILER_GLOBAL_ACCENT_COLOR_NAME = AccentColor;
				CODE_SIGN_STYLE = Automatic;
				CURRENT_PROJECT_VERSION = 1;
				DEVELOPMENT_ASSET_PATHS = "\"ToDo_CoreData/Preview Content\"";
				DEVELOPMENT_TEAM = WQ5UWLAR52;
				ENABLE_PREVIEWS = YES;
				GENERATE_INFOPLIST_FILE = YES;
				INFOPLIST_KEY_UIApplicationSceneManifest_Generation = YES;
				INFOPLIST_KEY_UIApplicationSupportsIndirectInputEvents = YES;
				INFOPLIST_KEY_UILaunchScreen_Generation = YES;
				INFOPLIST_KEY_UISupportedInterfaceOrientations_iPad = "UIInterfaceOrientationPortrait UIInterfaceOrientationPortraitUpsideDown UIInterfaceOrientationLandscapeLeft UIInterfaceOrientationLandscapeRight";
				INFOPLIST_KEY_UISupportedInterfaceOrientations_iPhone = "UIInterfaceOrientationPortrait UIInterfaceOrientationLandscapeLeft UIInterfaceOrientationLandscapeRight";
				LD_RUNPATH_SEARCH_PATHS = (
					"$(inherited)",
					"@executable_path/Frameworks",
				);
				MARKETING_VERSION = 1.0;
				PRODUCT_BUNDLE_IDENTIFIER = "com.ars.ToDo-SwiftData";
				PRODUCT_NAME = "$(TARGET_NAME)";
				SWIFT_EMIT_LOC_STRINGS = YES;
				SWIFT_VERSION = 5.0;
				TARGETED_DEVICE_FAMILY = "1,2";
			};
			name = Release;
		};
/* End XCBuildConfiguration section */

/* Begin XCConfigurationList section */
		3613CA342C4AD4BB0032526B /* Build configuration list for PBXProject "ToDo_CoreData" */ = {
			isa = XCConfigurationList;
			buildConfigurations = (
				3613CA452C4AD4BD0032526B /* Debug */,
				3613CA462C4AD4BD0032526B /* Release */,
			);
			defaultConfigurationIsVisible = 0;
			defaultConfigurationName = Release;
		};
		3613CA472C4AD4BD0032526B /* Build configuration list for PBXNativeTarget "ToDo_CoreData" */ = {
			isa = XCConfigurationList;
			buildConfigurations = (
				3613CA482C4AD4BD0032526B /* Debug */,
				3613CA492C4AD4BD0032526B /* Release */,
			);
			defaultConfigurationIsVisible = 0;
			defaultConfigurationName = Release;
		};
/* End XCConfigurationList section */

/* Begin XCVersionGroup section */
		3613CA4A2C4AD5700032526B /* ToDo.xcdatamodeld */ = {
			isa = XCVersionGroup;
			children = (
				3613CA4B2C4AD5700032526B /* ToDo.xcdatamodel */,
			);
			currentVersion = 3613CA4B2C4AD5700032526B /* ToDo.xcdatamodel */;
			name = ToDo.xcdatamodeld;
			path = /Users/fusion_tech/Desktop/ToDo_CoreData/ToDo_CoreData/ToDo.xcdatamodeld;
			sourceTree = "<group>";
			versionGroupType = wrapper.xcdatamodel;
		};
/* End XCVersionGroup section */
	};
	rootObject = 3613CA312C4AD4BB0032526B /* Project object */;
}
